
Microsoft Visual Studio Solution File, Format Version 11.00
# Visual Studio 2010
Project("{2150E333-8FDC-42A3-9474-1A3956D46DE8}") = "Published", "Published", "{7FB33B88-1A0C-4C13-AC13-289BADB3F898}"
	ProjectSection(SolutionItems) = preProject
		..\Q and A\1-read-onlyregions.mkd = ..\Q and A\1-read-onlyregions.mkd
		..\Q and A\2-snapshot-GetText.mkd = ..\Q and A\2-snapshot-GetText.mkd
		..\align-assignments.mkd = ..\align-assignments.mkd
		..\bug-fixes.mkd = ..\bug-fixes.mkd
		..\couple rc bug fixes.mkd = ..\couple rc bug fixes.mkd
		..\css-is-less.mkd = ..\css-is-less.mkd
		..\disable-mouse-wheel-zoom.mkd = ..\disable-mouse-wheel-zoom.mkd
		..\editor-fundamentals-pull.mkd = ..\editor-fundamentals-pull.mkd
		..\extending extensions.mkd = ..\extending extensions.mkd
		..\gradient-selection.mkd = ..\gradient-selection.mkd
		..\how-to-organize.mkd = ..\how-to-organize.mkd
		..\long-time-no-blog.mkd = ..\long-time-no-blog.mkd
		..\markdown-part1.mkd = ..\markdown-part1.mkd
		..\markdown-part2-classifier.mkd = ..\markdown-part2-classifier.mkd
		..\markdown-part3-5-vsgallery.mkd = ..\markdown-part3-5-vsgallery.mkd
		..\markdown-part3-toolwindow.mkd = ..\markdown-part3-toolwindow.mkd
		..\markdown-part4-outlining.mkd = ..\markdown-part4-outlining.mkd
		..\mixed-tabs-extension.mkd = ..\mixed-tabs-extension.mkd
		..\more-bug-fixes.mkd = ..\more-bug-fixes.mkd
		..\new-in-beta2.mkd = ..\new-in-beta2.mkd
		..\new-in-the-RC.mkd = ..\new-in-the-RC.mkd
		..\orcas-parity-extensions.mkd = ..\orcas-parity-extensions.mkd
		..\ReleaseComObject.mkd = ..\ReleaseComObject.mkd
		..\spellchecker.mkd = ..\spellchecker.mkd
		..\tab-indent-settings.mkd = ..\tab-indent-settings.mkd
	EndProjectSection
EndProject
Project("{2150E333-8FDC-42A3-9474-1A3956D46DE8}") = "Solution Items", "Solution Items", "{17E93749-68BE-4D50-B8BA-7AE91E0C58A5}"
	ProjectSection(SolutionItems) = preProject
		..\Pages\Extensions.mkd = ..\Pages\Extensions.mkd
	EndProjectSection
EndProject
Project("{2150E333-8FDC-42A3-9474-1A3956D46DE8}") = "UnPublished", "UnPublished", "{25F93B74-718A-4787-BFDA-7B64F94D2E55}"
	ProjectSection(SolutionItems) = preProject
		..\editor-fundamentals-view.mkd = ..\editor-fundamentals-view.mkd
		spellchecker-updates-michael.mkd = spellchecker-updates-michael.mkd
		you-are-not-your-code.mkd = you-are-not-your-code.mkd
	EndProjectSection
EndProject
Global
	GlobalSection(SolutionProperties) = preSolution
		HideSolutionNode = FALSE
	EndGlobalSection
EndGlobal
